{"version":4,"terraform_version":"1.10.3","serial":2,"lineage":"5b5b1e85-8d4d-e57a-9e24-22153293065c","outputs":{},"resources":[{"mode":"data","type":"local_file","name":"ssh_public_key","provider":"provider[\"registry.opentofu.org/hashicorp/local\"]","instances":[{"schema_version":0,"attributes":{"content":"ssh-ed25519 AAAAC3NzaC1lZDI1NTE5AAAAIKVOWSWQZO3L32cmrqXeLGBr7J3pmdFPXOWhanpdvok8 Alexandre\n","content_base64":"c3NoLWVkMjU1MTkgQUFBQUMzTnphQzFsWkRJMU5URTVBQUFBSUtWT1dTV1FaTzNMMzJjbXJxWGVMR0JyN0ozcG1kRlBYT1doYW5wZHZvazggQWxleGFuZHJlCg==","content_base64sha256":"SqJXSQjWT16cYgBoZCEtL6AxeNSpaOke8DGqE8LwrUk=","content_base64sha512":"zrUyYV2coe3xR0SDu47CZZZQohM/SgGmPOg2WbQft8E+rZdiO+EjVv3JXHTpVt7bczCEEIVcDxsbjG+uWkvGEQ==","content_md5":"0d500422b6cd3cec2248a4b2508fcabd","content_sha1":"2e2898a70b607fe6648c8bc480c9f2ecf2697c71","content_sha256":"4aa2574908d64f5e9c62006864212d2fa03178d4a968e91ef031aa13c2f0ad49","content_sha512":"ceb532615d9ca1edf1474483bb8ec2659650a2133f4a01a63ce83659b41fb7c13ead97623be12356fdc95c74e956dedb73308410855c0f1b1b8c6fae5a4bc611","filename":"/home/alexandreb/.ssh/groupe1Alexandre.pub","id":"2e2898a70b607fe6648c8bc480c9f2ecf2697c71"},"sensitive_attributes":[]}]},{"mode":"managed","type":"proxmox_virtual_environment_container","name":"debian12-lxc","provider":"provider[\"registry.opentofu.org/bpg/proxmox\"]","instances":[{"schema_version":0,"attributes":{"clone":[],"console":[],"cpu":[],"description":"Managed by opentofu\n","device_passthrough":[],"disk":[{"datastore_id":"local","size":4}],"features":[],"hook_script_file_id":null,"id":"244","initialization":[{"dns":[],"hostname":"checkpoint3-alexandre","ip_config":[{"ipv4":[{"address":"192.168.1.244/24","gateway":"192.168.1.254"}],"ipv6":[]}],"user_account":[{"keys":["ssh-ed25519 AAAAC3NzaC1lZDI1NTE5AAAAIKVOWSWQZO3L32cmrqXeLGBr7J3pmdFPXOWhanpdvok8 Alexandre"],"password":"checkpointLxcPassword"}]}],"ipv4":{"vmbr2":"192.168.1.244"},"ipv6":{"vmbr2":"fe80::be24:11ff:fee3:5481"},"memory":[],"mount_point":[{"acl":false,"backup":false,"mount_options":null,"path":"/mnt/volume","quota":false,"read_only":false,"replicate":true,"shared":false,"size":"10G","volume":"local:244/vm-244-disk-1.raw"}],"network_interface":[{"bridge":"vmbr0","enabled":true,"firewall":false,"mac_address":"BC:24:11:E3:54:81","mtu":0,"name":"vmbr2","rate_limit":0,"vlan_id":0}],"node_name":"ns3065162","operating_system":[{"template_file_id":"local:vztmpl/debian-12-standard_12.7-1_amd64.tar.zst","type":"debian"}],"pool_id":null,"protection":false,"start_on_boot":true,"started":true,"startup":[{"down_delay":60,"order":3,"up_delay":60}],"tags":null,"template":false,"timeout_clone":1800,"timeout_create":1800,"timeout_delete":60,"timeout_start":300,"timeout_update":1800,"unprivileged":false,"vm_id":244},"sensitive_attributes":[[{"type":"get_attr","value":"initialization"},{"type":"index","value":{"value":0,"type":"number"}},{"type":"get_attr","value":"user_account"},{"type":"index","value":{"value":0,"type":"number"}},{"type":"get_attr","value":"password"}]],"private":"bnVsbA==","dependencies":["data.local_file.ssh_public_key"]}]}],"check_results":null}
